// !$*UTF8*$!
{
	archiveVersion = 1;
	classes = {
	};
	objectVersion = 77;
	objects = {

/* Begin PBXContainerItemProxy section */
		8DF12DC02FC386C70049BAA0 /* PBXContainerItemProxy */ = {
			isa = PBXContainerItemProxy;
			containerPortal = 8DF12DAA2FC386C60049BAA0 /* Project object */;
			proxyType = 1;
			remoteGlobalIDString = 8DF12DB12FC386C60049BAA0;
			remoteInfo = AccessibilityShowcase;
		};
		8DF12DCA2FC386C70049BAA0 /* PBXContainerItemProxy */ = {
			isa = PBXContainerItemProxy;
			containerPortal = 8DF12DAA2FC386C60049BAA0 /* Project object */;
			proxyType = 1;
			remoteGlobalIDString = 8DF12DB12FC386C60049BAA0;
			remoteInfo = AccessibilityShowcase;
		};
/* End PBXContainerItemProxy section */

/* Begin PBXFileReference section */
		8DF12DB22FC386C60049BAA0 /* AccessibilityShowcase.app */ = {isa = PBXFileReference; explicitFileType = wrapper.application; includeInIndex = 0; path = AccessibilityShowcase.app; sourceTree = BUILT_PRODUCTS_DIR; };
		8DF12DBF2FC386C70049BAA0 /* AccessibilityShowcaseTests.xctest */ = {isa = PBXFileReference; explicitFileType = wrapper.cfbundle; includeInIndex = 0; path = AccessibilityShowcaseTests.xctest; sourceTree = BUILT_PRODUCTS_DIR; };
		8DF12DC92FC386C70049BAA0 /* AccessibilityShowcaseUITests.xctest */ = {isa = PBXFileReference; explicitFileType = wrapper.cfbundle; includeInIndex = 0; path = AccessibilityShowcaseUITests.xctest; sourceTree = BUILT_PRODUCTS_DIR; };
/* End PBXFileReference section */

/* Begin PBXFileSystemSynchronizedRootGroup section */
		8DF12DB42FC386C60049BAA0 /* AccessibilityShowcase */ = {
			isa = PBXFileSystemSynchronizedRootGroup;
			path = AccessibilityShowcase;
			sourceTree = "<group>";
		};
		8DF12DC22FC386C70049BAA0 /* AccessibilityShowcaseTests */ = {
			isa = PBXFileSystemSynchronizedRootGroup;
			path = AccessibilityShowcaseTests;
			sourceTree = "<group>";
		};
		8DF12DCC2FC386C70049BAA0 /* AccessibilityShowcaseUITests */ = {
			isa = PBXFileSystemSynchronizedRootGroup;
			path = AccessibilityShowcaseUITests;
			sourceTree = "<group>";
		};
/* End PBXFileSystemSynchronizedRootGroup section */

/* Begin PBXFrameworksBuildPhase section */
		8DF12DAF2FC386C60049BAA0 /* Frameworks */ = {
			isa = PBXFrameworksBuildPhase;
			buildActionMask = 2147483647;
			files = (
			);
			runOnlyForDeploymentPostprocessing = 0;
		};
		8DF12DBC2FC386C70049BAA0 /* Frameworks */ = {
			isa = PBXFrameworksBuildPhase;
			buildActionMask = 2147483647;
			files = (
			);
			runOnlyForDeploymentPostprocessing = 0;
		};
		8DF12DC62FC386C70049BAA0 /* Frameworks */ = {
			isa = PBXFrameworksBuildPhase;
			buildActionMask = 2147483647;
			files = (
			);
			runOnlyForDeploymentPostprocessing = 0;
		};
/* End PBXFrameworksBuildPhase section */

/* Begin PBXGroup section */
		8DF12DA92FC386C60049BAA0 = {
			isa = PBXGroup;
			children = (
				8DF12DB42FC386C60049BAA0 /* AccessibilityShowcase */,
				8DF12DC22FC386C70049BAA0 /* AccessibilityShowcaseTests */,
				8DF12DCC2FC386C70049BAA0 /* AccessibilityShowcaseUITests */,
				8DF12DB32FC386C60049BAA0 /* Products */,
			);
			sourceTree = "<group>";
		};
		8DF12DB32FC386C60049BAA0 /* Products */ = {
			isa = PBXGroup;
			children = (
				8DF12DB22FC386C60049BAA0 /* AccessibilityShowcase.app */,
				8DF12DBF2FC386C70049BAA0 /* AccessibilityShowcaseTests.xctest */,
				8DF12DC92FC386C70049BAA0 /* AccessibilityShowcaseUITests.xctest */,
			);
			name = Products;
			sourceTree = "<group>";
		};
/* End PBXGroup section */

/* Begin PBXNativeTarget section */
		8DF12DB12FC386C60049BAA0 /* AccessibilityShowcase */ = {
			isa = PBXNativeTarget;
			buildConfigurationList = 8DF12DD32FC386C70049BAA0 /* Build configuration list for PBXNativeTarget "AccessibilityShowcase" */;
			buildPhases = (
				8DF12DAE2FC386C60049BAA0 /* Sources */,
				8DF12DAF2FC386C60049BAA0 /* Frameworks */,
				8DF12DB02FC386C60049BAA0 /* Resources */,
			);
			buildRules = (
			);
			dependencies = (
			);
			fileSystemSynchronizedGroups = (
				8DF12DB42FC386C60049BAA0 /* AccessibilityShowcase */,
			);
			name = AccessibilityShowcase;
			packageProductDependencies = (
			);
			productName = AccessibilityShowcase;
			productReference = 8DF12DB22FC386C60049BAA0 /* AccessibilityShowcase.app */;
			productType = "com.apple.product-type.application";
		};
		8DF12DBE2FC386C70049BAA0 /* AccessibilityShowcaseTests */ = {
			isa = PBXNativeTarget;
			buildConfigurationList = 8DF12DD62FC386C70049BAA0 /* Build configuration list for PBXNativeTarget "AccessibilityShowcaseTests" */;
			buildPhases = (
				8DF12DBB2FC386C70049BAA0 /* Sources */,
				8DF12DBC2FC386C70049BAA0 /* Frameworks */,
				8DF12DBD2FC386C70049BAA0 /* Resources */,
			);
			buildRules = (
			);
			dependencies = (
				8DF12DC12FC386C70049BAA0 /* PBXTargetDependency */,
			);
			fileSystemSynchronizedGroups = (
				8DF12DC22FC386C70049BAA0 /* AccessibilityShowcaseTests */,
			);
			name = AccessibilityShowcaseTests;
			packageProductDependencies = (
			);
			productName = AccessibilityShowcaseTests;
			productReference = 8DF12DBF2FC386C70049BAA0 /* AccessibilityShowcaseTests.xctest */;
			productType = "com.apple.product-type.bundle.unit-test";
		};
		8DF12DC82FC386C70049BAA0 /* AccessibilityShowcaseUITests */ = {
			isa = PBXNativeTarget;
			buildConfigurationList = 8DF12DD92FC386C70049BAA0 /* Build configuration list for PBXNativeTarget "AccessibilityShowcaseUITests" */;
			buildPhases = (
				8DF12DC52FC386C70049BAA0 /* Sources */,
				8DF12DC62FC386C70049BAA0 /* Frameworks */,
				8DF12DC72FC386C70049BAA0 /* Resources */,
			);
			buildRules = (
			);
			dependencies = (
				8DF12DCB2FC386C70049BAA0 /* PBXTargetDependency */,
			);
			fileSystemSynchronizedGroups = (
				8DF12DCC2FC386C70049BAA0 /* AccessibilityShowcaseUITests */,
			);
			name = AccessibilityShowcaseUITests;
			packageProductDependencies = (
			);
			productName = AccessibilityShowcaseUITests;
			productReference = 8DF12DC92FC386C70049BAA0 /* AccessibilityShowcaseUITests.xctest */;
			productType = "com.apple.product-type.bundle.ui-testing";
		};
/* End PBXNativeTarget section */

/* Begin PBXProject section */
		8DF12DAA2FC386C60049BAA0 /* Project object */ = {
			isa = PBXProject;
			attributes = {
				BuildIndependentTargetsInParallel = 1;
				LastSwiftUpdateCheck = 2630;
				LastUpgradeCheck = 2630;
				TargetAttributes = {
					8DF12DB12FC386C60049BAA0 = {
						CreatedOnToolsVersion = 26.3;
					};
					8DF12DBE2FC386C70049BAA0 = {
						CreatedOnToolsVersion = 26.3;
						TestTargetID = 8DF12DB12FC386C60049BAA0;
					};
					8DF12DC82FC386C70049BAA0 = {
						CreatedOnToolsVersion = 26.3;
						TestTargetID = 8DF12DB12FC386C60049BAA0;
					};
				};
			};
			buildConfigurationList = 8DF12DAD2FC386C60049BAA0 /* Build configuration list for PBXProject "AccessibilityShowcase" */;
			developmentRegion = en;
			hasScannedForEncodings = 0;
			knownRegions = (
				en,
				Base,
			);
			mainGroup = 8DF12DA92FC386C60049BAA0;
			minimizedProjectReferenceProxies = 1;
			preferredProjectObjectVersion = 77;
			productRefGroup = 8DF12DB32FC386C60049BAA0 /* Products */;
			projectDirPath = "";
			projectRoot = "";
			targets = (
				8DF12DB12FC386C60049BAA0 /* AccessibilityShowcase */,
				8DF12DBE2FC386C70049BAA0 /* AccessibilityShowcaseTests */,
				8DF12DC82FC386C70049BAA0 /* AccessibilityShowcaseUITests */,
			);
		};
/* End PBXProject section */

/* Begin PBXResourcesBuildPhase section */
		8DF12DB02FC386C60049BAA0 /* Resources */ = {
			isa = PBXResourcesBuildPhase;
			buildActionMask = 2147483647;
			files = (
			);
			runOnlyForDeploymentPostprocessing = 0;
		};
		8DF12DBD2FC386C70049BAA0 /* Resources */ = {
			isa = PBXResourcesBuildPhase;
			buildActionMask = 2147483647;
			files = (
			);
			runOnlyForDeploymentPostprocessing = 0;
		};
		8DF12DC72FC386C70049BAA0 /* Resources */ = {
			isa = PBXResourcesBuildPhase;
			buildActionMask = 2147483647;
			files = (
			);
			runOnlyForDeploymentPostprocessing = 0;
		};
/* End PBXResourcesBuildPhase section */

/* Begin PBXSourcesBuildPhase section */
		8DF12DAE2FC386C60049BAA0 /* Sources */ = {
			isa = PBXSourcesBuildPhase;
			buildActionMask = 2147483647;
			files = (
			);
			runOnlyForDeploymentPostprocessing = 0;
		};
		8DF12DBB2FC386C70049BAA0 /* Sources */ = {
			isa = PBXSourcesBuildPhase;
			buildActionMask = 2147483647;
			files = (
			);
			runOnlyForDeploymentPostprocessing = 0;
		};
		8DF12DC52FC386C70049BAA0 /* Sources */ = {
			isa = PBXSourcesBuildPhase;
			buildActionMask = 2147483647;
			files = (
			);
			runOnlyForDeploymentPostprocessing = 0;
		};
/* End PBXSourcesBuildPhase section */

/* Begin PBXTargetDependency section */
		8DF12DC12FC386C70049BAA0 /* PBXTargetDependency */ = {
			isa = PBXTargetDependency;
			target = 8DF12DB12FC386C60049BAA0 /* AccessibilityShowcase */;
			targetProxy = 8DF12DC02FC386C70049BAA0 /* PBXContainerItemProxy */;
		};
		8DF12DCB2FC386C70049BAA0 /* PBXTargetDependency */ = {
			isa = PBXTargetDependency;
			target = 8DF12DB12FC386C60049BAA0 /* AccessibilityShowcase */;
			targetProxy = 8DF12DCA2FC386C70049BAA0 /* PBXContainerItemProxy */;
		};
/* End PBXTargetDependency section */

/* Begin XCBuildConfiguration section */
		8DF12DD12FC386C70049BAA0 /* Debug */ = {
			isa = XCBuildConfiguration;
			buildSettings = {
				ALWAYS_SEARCH_USER_PATHS = NO;
				ASSETCATALOG_COMPILER_GENERATE_SWIFT_ASSET_SYMBOL_EXTENSIONS = YES;
				CLANG_ANALYZER_NONNULL = YES;
				CLANG_ANALYZER_NUMBER_OBJECT_CONVERSION = YES_AGGRESSIVE;
				CLANG_CXX_LANGUAGE_STANDARD = "gnu++20";
				CLANG_ENABLE_MODULES = YES;
				CLANG_ENABLE_OBJC_ARC = YES;
				CLANG_ENABLE_OBJC_WEAK = YES;
				CLANG_WARN_BLOCK_CAPTURE_AUTORELEASING = YES;
				CLANG_WARN_BOOL_CONVERSION = YES;
				CLANG_WARN_COMMA = YES;
				CLANG_WARN_CONSTANT_CONVERSION = YES;
				CLANG_WARN_DEPRECATED_OBJC_IMPLEMENTATIONS = YES;
				CLANG_WARN_DIRECT_OBJC_ISA_USAGE = YES_ERROR;
				CLANG_WARN_DOCUMENTATION_COMMENTS = YES;
				CLANG_WARN_EMPTY_BODY = YES;
				CLANG_WARN_ENUM_CONVERSION = YES;
				CLANG_WARN_INFINITE_RECURSION = YES;
				CLANG_WARN_INT_CONVERSION = YES;
				CLANG_WARN_NON_LITERAL_NULL_CONVERSION = YES;
				CLANG_WARN_OBJC_IMPLICIT_RETAIN_SELF = YES;
				CLANG_WARN_OBJC_LITERAL_CONVERSION = YES;
				CLANG_WARN_OBJC_ROOT_CLASS = YES_ERROR;
				CLANG_WARN_QUOTED_INCLUDE_IN_FRAMEWORK_HEADER = YES;
				CLANG_WARN_RANGE_LOOP_ANALYSIS = YES;
				CLANG_WARN_STRICT_PROTOTYPES = YES;
				CLANG_WARN_SUSPICIOUS_MOVE = YES;
				CLANG_WARN_UNGUARDED_AVAILABILITY = YES_AGGRESSIVE;
				CLANG_WARN_UNREACHABLE_CODE = YES;
				CLANG_WARN__DUPLICATE_METHOD_MATCH = YES;
				COPY_PHASE_STRIP = NO;
				DEBUG_INFORMATION_FORMAT = dwarf;
				ENABLE_STRICT_OBJC_MSGSEND = YES;
				ENABLE_TESTABILITY = YES;
				ENABLE_USER_SCRIPT_SANDBOXING = YES;
				GCC_C_LANGUAGE_STANDARD = gnu17;
				GCC_DYNAMIC_NO_PIC = NO;
				GCC_NO_COMMON_BLOCKS = YES;
				GCC_OPTIMIZATION_LEVEL = 0;
				GCC_PREPROCESSOR_DEFINITIONS = (
					"DEBUG=1",
					"$(inherited)",
				);
				GCC_WARN_64_TO_32_BIT_CONVERSION = YES;
				GCC_WARN_ABOUT_RETURN_TYPE = YES_ERROR;
				GCC_WARN_UNDECLARED_SELECTOR = YES;
				GCC_WARN_UNINITIALIZED_AUTOS = YES_AGGRESSIVE;
				GCC_WARN_UNUSED_FUNCTION = YES;
				GCC_WARN_UNUSED_VARIABLE = YES;
				IPHONEOS_DEPLOYMENT_TARGET = 26.2;
				LOCALIZATION_PREFERS_STRING_CATALOGS = YES;
				MTL_ENABLE_DEBUG_INFO = INCLUDE_SOURCE;
				MTL_FAST_MATH = YES;
				ONLY_ACTIVE_ARCH = YES;
				SDKROOT = iphoneos;
				SWIFT_ACTIVE_COMPILATION_CONDITIONS = "DEBUG $(inherited)";
				SWIFT_OPTIMIZATION_LEVEL = "-Onone";
			};
			name = Debug;
		};
		8DF12DD22FC386C70049BAA0 /* Release */ = {
			isa = XCBuildConfiguration;
			buildSettings = {
				ALWAYS_SEARCH_USER_PATHS = NO;
				ASSETCATALOG_COMPILER_GENERATE_SWIFT_ASSET_SYMBOL_EXTENSIONS = YES;
				CLANG_ANALYZER_NONNULL = YES;
				CLANG_ANALYZER_NUMBER_OBJECT_CONVERSION = YES_AGGRESSIVE;
				CLANG_CXX_LANGUAGE_STANDARD = "gnu++20";
				CLANG_ENABLE_MODULES = YES;
				CLANG_ENABLE_OBJC_ARC = YES;
				CLANG_ENABLE_OBJC_WEAK = YES;
				CLANG_WARN_BLOCK_CAPTURE_AUTORELEASING = YES;
				CLANG_WARN_BOOL_CONVERSION = YES;
				CLANG_WARN_COMMA = YES;
				CLANG_WARN_CONSTANT_CONVERSION = YES;
				CLANG_WARN_DEPRECATED_OBJC_IMPLEMENTATIONS = YES;
				CLANG_WARN_DIRECT_OBJC_ISA_USAGE = YES_ERROR;
				CLANG_WARN_DOCUMENTATION_COMMENTS = YES;
				CLANG_WARN_EMPTY_BODY = YES;
				CLANG_WARN_ENUM_CONVERSION = YES;
				CLANG_WARN_INFINITE_RECURSION = YES;
				CLANG_WARN_INT_CONVERSION = YES;
				CLANG_WARN_NON_LITERAL_NULL_CONVERSION = YES;
				CLANG_WARN_OBJC_IMPLICIT_RETAIN_SELF = YES;
				CLANG_WARN_OBJC_LITERAL_CONVERSION = YES;
				CLANG_WARN_OBJC_ROOT_CLASS = YES_ERROR;
				CLANG_WARN_QUOTED_INCLUDE_IN_FRAMEWORK_HEADER = YES;
				CLANG_WARN_RANGE_LOOP_ANALYSIS = YES;
				CLANG_WARN_STRICT_PROTOTYPES = YES;
				CLANG_WARN_SUSPICIOUS_MOVE = YES;
				CLANG_WARN_UNGUARDED_AVAILABILITY = YES_AGGRESSIVE;
				CLANG_WARN_UNREACHABLE_CODE = YES;
				CLANG_WARN__DUPLICATE_METHOD_MATCH = YES;
				COPY_PHASE_STRIP = NO;
				DEBUG_INFORMATION_FORMAT = "dwarf-with-dsym";
				ENABLE_NS_ASSERTIONS = NO;
				ENABLE_STRICT_OBJC_MSGSEND = YES;
				ENABLE_USER_SCRIPT_SANDBOXING = YES;
				GCC_C_LANGUAGE_STANDARD = gnu17;
				GCC_NO_COMMON_BLOCKS = YES;
				GCC_WARN_64_TO_32_BIT_CONVERSION = YES;
				GCC_WARN_ABOUT_RETURN_TYPE = YES_ERROR;
				GCC_WARN_UNDECLARED_SELECTOR = YES;
				GCC_WARN_UNINITIALIZED_AUTOS = YES_AGGRESSIVE;
				GCC_WARN_UNUSED_FUNCTION = YES;
				GCC_WARN_UNUSED_VARIABLE = YES;
				IPHONEOS_DEPLOYMENT_TARGET = 26.2;
				LOCALIZATION_PREFERS_STRING_CATALOGS = YES;
				MTL_ENABLE_DEBUG_INFO = NO;
				MTL_FAST_MATH = YES;
				SDKROOT = iphoneos;
				SWIFT_COMPILATION_MODE = wholemodule;
				VALIDATE_PRODUCT = YES;
			};
			name = Release;
		};
		8DF12DD42FC386C70049BAA0 /* Debug */ = {
			isa = XCBuildConfiguration;
			buildSettings = {
				ASSETCATALOG_COMPILER_APPICON_NAME = AppIcon;
				ASSETCATALOG_COMPILER_GLOBAL_ACCENT_COLOR_NAME = AccentColor;
				CODE_SIGN_STYLE = Automatic;
				CURRENT_PROJECT_VERSION = 1;
				ENABLE_PREVIEWS = YES;
				GENERATE_INFOPLIST_FILE = YES;
				INFOPLIST_KEY_UIApplicationSceneManifest_Generation = YES;
				INFOPLIST_KEY_UIApplicationSupportsIndirectInputEvents = YES;
				INFOPLIST_KEY_UILaunchScreen_Generation = YES;
				INFOPLIST_KEY_UISupportedInterfaceOrientations_iPad = "UIInterfaceOrientationPortrait UIInterfaceOrientationPortraitUpsideDown UIInterfaceOrientationLandscapeLeft UIInterfaceOrientationLandscapeRight";
				INFOPLIST_KEY_UISupportedInterfaceOrientations_iPhone = "UIInterfaceOrientationPortrait UIInterfaceOrientationLandscapeLeft UIInterfaceOrientationLandscapeRight";
				LD_RUNPATH_SEARCH_PATHS = (
					"$(inherited)",
					"@executable_path/Frameworks",
				);
				MARKETING_VERSION = 1.0;
				PRODUCT_BUNDLE_IDENTIFIER = com.savernahmad.AccessibilityShowcase;
				PRODUCT_NAME = "$(TARGET_NAME)";
				STRING_CATALOG_GENERATE_SYMBOLS = YES;
				SWIFT_APPROACHABLE_CONCURRENCY = YES;
				SWIFT_DEFAULT_ACTOR_ISOLATION = MainActor;
				SWIFT_EMIT_LOC_STRINGS = YES;
				SWIFT_UPCOMING_FEATURE_MEMBER_IMPORT_VISIBILITY = YES;
				SWIFT_VERSION = 5.0;
				TARGETED_DEVICE_FAMILY = "1,2";
			};
			name = Debug;
		};
		8DF12DD52FC386C70049BAA0 /* Release */ = {
			isa = XCBuildConfiguration;
			buildSettings = {
				ASSETCATALOG_COMPILER_APPICON_NAME = AppIcon;
				ASSETCATALOG_COMPILER_GLOBAL_ACCENT_COLOR_NAME = AccentColor;
				CODE_SIGN_STYLE = Automatic;
				CURRENT_PROJECT_VERSION = 1;
				ENABLE_PREVIEWS = YES;
				GENERATE_INFOPLIST_FILE = YES;
				INFOPLIST_KEY_UIApplicationSceneManifest_Generation = YES;
				INFOPLIST_KEY_UIApplicationSupportsIndirectInputEvents = YES;
				INFOPLIST_KEY_UILaunchScreen_Generation = YES;
				INFOPLIST_KEY_UISupportedInterfaceOrientations_iPad = "UIInterfaceOrientationPortrait UIInterfaceOrientationPortraitUpsideDown UIInterfaceOrientationLandscapeLeft UIInterfaceOrientationLandscapeRight";
				INFOPLIST_KEY_UISupportedInterfaceOrientations_iPhone = "UIInterfaceOrientationPortrait UIInterfaceOrientationLandscapeLeft UIInterfaceOrientationLandscapeRight";
				LD_RUNPATH_SEARCH_PATHS = (
					"$(inherited)",
					"@executable_path/Frameworks",
				);
				MARKETING_VERSION = 1.0;
				PRODUCT_BUNDLE_IDENTIFIER = com.savernahmad.AccessibilityShowcase;
				PRODUCT_NAME = "$(TARGET_NAME)";
				STRING_CATALOG_GENERATE_SYMBOLS = YES;
				SWIFT_APPROACHABLE_CONCURRENCY = YES;
				SWIFT_DEFAULT_ACTOR_ISOLATION = MainActor;
				SWIFT_EMIT_LOC_STRINGS = YES;
				SWIFT_UPCOMING_FEATURE_MEMBER_IMPORT_VISIBILITY = YES;
				SWIFT_VERSION = 5.0;
				TARGETED_DEVICE_FAMILY = "1,2";
			};
			name = Release;
		};
		8DF12DD72FC386C70049BAA0 /* Debug */ = {
			isa = XCBuildConfiguration;
			buildSettings = {
				BUNDLE_LOADER = "$(TEST_HOST)";
				CODE_SIGN_STYLE = Automatic;
				CURRENT_PROJECT_VERSION = 1;
				GENERATE_INFOPLIST_FILE = YES;
				IPHONEOS_DEPLOYMENT_TARGET = 26.2;
				MARKETING_VERSION = 1.0;
				PRODUCT_BUNDLE_IDENTIFIER = com.savernahmad.AccessibilityShowcaseTests;
				PRODUCT_NAME = "$(TARGET_NAME)";
				STRING_CATALOG_GENERATE_SYMBOLS = NO;
				SWIFT_APPROACHABLE_CONCURRENCY = YES;
				SWIFT_EMIT_LOC_STRINGS = NO;
				SWIFT_UPCOMING_FEATURE_MEMBER_IMPORT_VISIBILITY = YES;
				SWIFT_VERSION = 5.0;
				TARGETED_DEVICE_FAMILY = "1,2";
				TEST_HOST = "$(BUILT_PRODUCTS_DIR)/AccessibilityShowcase.app/$(BUNDLE_EXECUTABLE_FOLDER_PATH)/AccessibilityShowcase";
			};
			name = Debug;
		};
		8DF12DD82FC386C70049BAA0 /* Release */ = {
			isa = XCBuildConfiguration;
			buildSettings = {
				BUNDLE_LOADER = "$(TEST_HOST)";
				CODE_SIGN_STYLE = Automatic;
				CURRENT_PROJECT_VERSION = 1;
				GENERATE_INFOPLIST_FILE = YES;
				IPHONEOS_DEPLOYMENT_TARGET = 26.2;
				MARKETING_VERSION = 1.0;
				PRODUCT_BUNDLE_IDENTIFIER = com.savernahmad.AccessibilityShowcaseTests;
				PRODUCT_NAME = "$(TARGET_NAME)";
				STRING_CATALOG_GENERATE_SYMBOLS = NO;
				SWIFT_APPROACHABLE_CONCURRENCY = YES;
				SWIFT_EMIT_LOC_STRINGS = NO;
				SWIFT_UPCOMING_FEATURE_MEMBER_IMPORT_VISIBILITY = YES;
				SWIFT_VERSION = 5.0;
				TARGETED_DEVICE_FAMILY = "1,2";
				TEST_HOST = "$(BUILT_PRODUCTS_DIR)/AccessibilityShowcase.app/$(BUNDLE_EXECUTABLE_FOLDER_PATH)/AccessibilityShowcase";
			};
			name = Release;
		};
		8DF12DDA2FC386C70049BAA0 /* Debug */ = {
			isa = XCBuildConfiguration;
			buildSettings = {
				CODE_SIGN_STYLE = Automatic;
				CURRENT_PROJECT_VERSION = 1;
				GENERATE_INFOPLIST_FILE = YES;
				MARKETING_VERSION = 1.0;
				PRODUCT_BUNDLE_IDENTIFIER = com.savernahmad.AccessibilityShowcaseUITests;
				PRODUCT_NAME = "$(TARGET_NAME)";
				STRING_CATALOG_GENERATE_SYMBOLS = NO;
				SWIFT_APPROACHABLE_CONCURRENCY = YES;
				SWIFT_EMIT_LOC_STRINGS = NO;
				SWIFT_UPCOMING_FEATURE_MEMBER_IMPORT_VISIBILITY = YES;
				SWIFT_VERSION = 5.0;
				TARGETED_DEVICE_FAMILY = "1,2";
				TEST_TARGET_NAME = AccessibilityShowcase;
			};
			name = Debug;
		};
		8DF12DDB2FC386C70049BAA0 /* Release */ = {
			isa = XCBuildConfiguration;
			buildSettings = {
				CODE_SIGN_STYLE = Automatic;
				CURRENT_PROJECT_VERSION = 1;
				GENERATE_INFOPLIST_FILE = YES;
				MARKETING_VERSION = 1.0;
				PRODUCT_BUNDLE_IDENTIFIER = com.savernahmad.AccessibilityShowcaseUITests;
				PRODUCT_NAME = "$(TARGET_NAME)";
				STRING_CATALOG_GENERATE_SYMBOLS = NO;
				SWIFT_APPROACHABLE_CONCURRENCY = YES;
				SWIFT_EMIT_LOC_STRINGS = NO;
				SWIFT_UPCOMING_FEATURE_MEMBER_IMPORT_VISIBILITY = YES;
				SWIFT_VERSION = 5.0;
				TARGETED_DEVICE_FAMILY = "1,2";
				TEST_TARGET_NAME = AccessibilityShowcase;
			};
			name = Release;
		};
/* End XCBuildConfiguration section */

/* Begin XCConfigurationList section */
		8DF12DAD2FC386C60049BAA0 /* Build configuration list for PBXProject "AccessibilityShowcase" */ = {
			isa = XCConfigurationList;
			buildConfigurations = (
				8DF12DD12FC386C70049BAA0 /* Debug */,
				8DF12DD22FC386C70049BAA0 /* Release */,
			);
			defaultConfigurationIsVisible = 0;
			defaultConfigurationName = Release;
		};
		8DF12DD32FC386C70049BAA0 /* Build configuration list for PBXNativeTarget "AccessibilityShowcase" */ = {
			isa = XCConfigurationList;
			buildConfigurations = (
				8DF12DD42FC386C70049BAA0 /* Debug */,
				8DF12DD52FC386C70049BAA0 /* Release */,
			);
			defaultConfigurationIsVisible = 0;
			defaultConfigurationName = Release;
		};
		8DF12DD62FC386C70049BAA0 /* Build configuration list for PBXNativeTarget "AccessibilityShowcaseTests" */ = {
			isa = XCConfigurationList;
			buildConfigurations = (
				8DF12DD72FC386C70049BAA0 /* Debug */,
				8DF12DD82FC386C70049BAA0 /* Release */,
			);
			defaultConfigurationIsVisible = 0;
			defaultConfigurationName = Release;
		};
		8DF12DD92FC386C70049BAA0 /* Build configuration list for PBXNativeTarget "AccessibilityShowcaseUITests" */ = {
			isa = XCConfigurationList;
			buildConfigurations = (
				8DF12DDA2FC386C70049BAA0 /* Debug */,
				8DF12DDB2FC386C70049BAA0 /* Release */,
			);
			defaultConfigurationIsVisible = 0;
			defaultConfigurationName = Release;
		};
/* End XCConfigurationList section */
	};
	rootObject = 8DF12DAA2FC386C60049BAA0 /* Project object */;
}
